// !$*UTF8*$!
{
	archiveVersion = 1;
	classes = {
	};
	objectVersion = 50;
	objects = {

/* Begin PBXBuildFile section */
		0C1C6831267C7FCD00ED2AD9 /* README.md in Resources */ = {isa = PBXBuildFile; fileRef = 0C1C6830267C7FCD00ED2AD9 /* README.md */; };
		0C828DC9267B4BC2000CCE68 /* BLETableVC.swift in Sources */ = {isa = PBXBuildFile; fileRef = 0C828DC8267B4BC2000CCE68 /* BLETableVC.swift */; };
		0C828DCB267B82FF000CCE68 /* BLECell.swift in Sources */ = {isa = PBXBuildFile; fileRef = 0C828DCA267B82FF000CCE68 /* BLECell.swift */; };
		0C828DCE267B991D000CCE68 /* BLEModel.swift in Sources */ = {isa = PBXBuildFile; fileRef = 0C828DCD267B991D000CCE68 /* BLEModel.swift */; };
		0C828DD2267BBD79000CCE68 /* RegionTableVC.swift in Sources */ = {isa = PBXBuildFile; fileRef = 0C828DD1267BBD79000CCE68 /* RegionTableVC.swift */; };
		0C828DD4267BBDB1000CCE68 /* BeaconTableVC.swift in Sources */ = {isa = PBXBuildFile; fileRef = 0C828DD3267BBDB1000CCE68 /* BeaconTableVC.swift */; };
		0C828DD6267BC0A1000CCE68 /* BeaconModel.swift in Sources */ = {isa = PBXBuildFile; fileRef = 0C828DD5267BC0A1000CCE68 /* BeaconModel.swift */; };
		0C828DD8267C17BC000CCE68 /* RegionCell.swift in Sources */ = {isa = PBXBuildFile; fileRef = 0C828DD7267C17BC000CCE68 /* RegionCell.swift */; };
		0C828DDA267C1804000CCE68 /* BeaconCell.swift in Sources */ = {isa = PBXBuildFile; fileRef = 0C828DD9267C1804000CCE68 /* BeaconCell.swift */; };
		0C828DDC267C49BE000CCE68 /* DetailBeaconVC.swift in Sources */ = {isa = PBXBuildFile; fileRef = 0C828DDB267C49BE000CCE68 /* DetailBeaconVC.swift */; };
		0CDBC676267A552E00655A9B /* AppDelegate.swift in Sources */ = {isa = PBXBuildFile; fileRef = 0CDBC675267A552E00655A9B /* AppDelegate.swift */; };
		0CDBC678267A552E00655A9B /* SceneDelegate.swift in Sources */ = {isa = PBXBuildFile; fileRef = 0CDBC677267A552E00655A9B /* SceneDelegate.swift */; };
		0CDBC67A267A552E00655A9B /* BeaconMonitorVC.swift in Sources */ = {isa = PBXBuildFile; fileRef = 0CDBC679267A552E00655A9B /* BeaconMonitorVC.swift */; };
		0CDBC67D267A552E00655A9B /* Main.storyboard in Resources */ = {isa = PBXBuildFile; fileRef = 0CDBC67B267A552E00655A9B /* Main.storyboard */; };
		0CDBC67F267A552F00655A9B /* Assets.xcassets in Resources */ = {isa = PBXBuildFile; fileRef = 0CDBC67E267A552F00655A9B /* Assets.xcassets */; };
		0CDBC682267A552F00655A9B /* LaunchScreen.storyboard in Resources */ = {isa = PBXBuildFile; fileRef = 0CDBC680267A552F00655A9B /* LaunchScreen.storyboard */; };
/* End PBXBuildFile section */

/* Begin PBXFileReference section */
		0C1C6830267C7FCD00ED2AD9 /* README.md */ = {isa = PBXFileReference; lastKnownFileType = net.daringfireball.markdown; path = README.md; sourceTree = "<group>"; };
		0C828DC8267B4BC2000CCE68 /* BLETableVC.swift */ = {isa = PBXFileReference; lastKnownFileType = sourcecode.swift; path = BLETableVC.swift; sourceTree = "<group>"; };
		0C828DCA267B82FF000CCE68 /* BLECell.swift */ = {isa = PBXFileReference; lastKnownFileType = sourcecode.swift; path = BLECell.swift; sourceTree = "<group>"; };
		0C828DCD267B991D000CCE68 /* BLEModel.swift */ = {isa = PBXFileReference; lastKnownFileType = sourcecode.swift; path = BLEModel.swift; sourceTree = "<group>"; };
		0C828DD1267BBD79000CCE68 /* RegionTableVC.swift */ = {isa = PBXFileReference; lastKnownFileType = sourcecode.swift; path = RegionTableVC.swift; sourceTree = "<group>"; };
		0C828DD3267BBDB1000CCE68 /* BeaconTableVC.swift */ = {isa = PBXFileReference; lastKnownFileType = sourcecode.swift; path = BeaconTableVC.swift; sourceTree = "<group>"; };
		0C828DD5267BC0A1000CCE68 /* BeaconModel.swift */ = {isa = PBXFileReference; lastKnownFileType = sourcecode.swift; path = BeaconModel.swift; sourceTree = "<group>"; };
		0C828DD7267C17BC000CCE68 /* RegionCell.swift */ = {isa = PBXFileReference; lastKnownFileType = sourcecode.swift; path = RegionCell.swift; sourceTree = "<group>"; };
		0C828DD9267C1804000CCE68 /* BeaconCell.swift */ = {isa = PBXFileReference; lastKnownFileType = sourcecode.swift; path = BeaconCell.swift; sourceTree = "<group>"; };
		0C828DDB267C49BE000CCE68 /* DetailBeaconVC.swift */ = {isa = PBXFileReference; lastKnownFileType = sourcecode.swift; path = DetailBeaconVC.swift; sourceTree = "<group>"; };
		0CDBC672267A552E00655A9B /* BLEMonitor.app */ = {isa = PBXFileReference; explicitFileType = wrapper.application; includeInIndex = 0; path = BLEMonitor.app; sourceTree = BUILT_PRODUCTS_DIR; };
		0CDBC675267A552E00655A9B /* AppDelegate.swift */ = {isa = PBXFileReference; lastKnownFileType = sourcecode.swift; path = AppDelegate.swift; sourceTree = "<group>"; };
		0CDBC677267A552E00655A9B /* SceneDelegate.swift */ = {isa = PBXFileReference; lastKnownFileType = sourcecode.swift; path = SceneDelegate.swift; sourceTree = "<group>"; };
		0CDBC679267A552E00655A9B /* BeaconMonitorVC.swift */ = {isa = PBXFileReference; lastKnownFileType = sourcecode.swift; path = BeaconMonitorVC.swift; sourceTree = "<group>"; };
		0CDBC67C267A552E00655A9B /* Base */ = {isa = PBXFileReference; lastKnownFileType = file.storyboard; name = Base; path = Base.lproj/Main.storyboard; sourceTree = "<group>"; };
		0CDBC67E267A552F00655A9B /* Assets.xcassets */ = {isa = PBXFileReference; lastKnownFileType = folder.assetcatalog; path = Assets.xcassets; sourceTree = "<group>"; };
		0CDBC681267A552F00655A9B /* Base */ = {isa = PBXFileReference; lastKnownFileType = file.storyboard; name = Base; path = Base.lproj/LaunchScreen.storyboard; sourceTree = "<group>"; };
		0CDBC683267A552F00655A9B /* Info.plist */ = {isa = PBXFileReference; lastKnownFileType = text.plist.xml; path = Info.plist; sourceTree = "<group>"; };
/* End PBXFileReference section */

/* Begin PBXFrameworksBuildPhase section */
		0CDBC66F267A552E00655A9B /* Frameworks */ = {
			isa = PBXFrameworksBuildPhase;
			buildActionMask = 2147483647;
			files = (
			);
			runOnlyForDeploymentPostprocessing = 0;
		};
/* End PBXFrameworksBuildPhase section */

/* Begin PBXGroup section */
		0C828DCC267B98E2000CCE68 /* View */ = {
			isa = PBXGroup;
			children = (
				0C828DCA267B82FF000CCE68 /* BLECell.swift */,
				0C828DD7267C17BC000CCE68 /* RegionCell.swift */,
				0C828DD9267C1804000CCE68 /* BeaconCell.swift */,
			);
			path = View;
			sourceTree = "<group>";
		};
		0C828DCF267B9970000CCE68 /* Model */ = {
			isa = PBXGroup;
			children = (
				0C828DCD267B991D000CCE68 /* BLEModel.swift */,
				0C828DD5267BC0A1000CCE68 /* BeaconModel.swift */,
			);
			path = Model;
			sourceTree = "<group>";
		};
		0C828DD0267B9984000CCE68 /* Controller */ = {
			isa = PBXGroup;
			children = (
				0CDBC679267A552E00655A9B /* BeaconMonitorVC.swift */,
				0C828DC8267B4BC2000CCE68 /* BLETableVC.swift */,
				0C828DD1267BBD79000CCE68 /* RegionTableVC.swift */,
				0C828DD3267BBDB1000CCE68 /* BeaconTableVC.swift */,
				0C828DDB267C49BE000CCE68 /* DetailBeaconVC.swift */,
			);
			path = Controller;
			sourceTree = "<group>";
		};
		0CDBC669267A552E00655A9B = {
			isa = PBXGroup;
			children = (
				0C1C6830267C7FCD00ED2AD9 /* README.md */,
				0CDBC674267A552E00655A9B /* BLEMonitor */,
				0CDBC673267A552E00655A9B /* Products */,
			);
			sourceTree = "<group>";
		};
		0CDBC673267A552E00655A9B /* Products */ = {
			isa = PBXGroup;
			children = (
				0CDBC672267A552E00655A9B /* BLEMonitor.app */,
			);
			name = Products;
			sourceTree = "<group>";
		};
		0CDBC674267A552E00655A9B /* BLEMonitor */ = {
			isa = PBXGroup;
			children = (
				0CDBC675267A552E00655A9B /* AppDelegate.swift */,
				0CDBC677267A552E00655A9B /* SceneDelegate.swift */,
				0C828DD0267B9984000CCE68 /* Controller */,
				0CDBC67B267A552E00655A9B /* Main.storyboard */,
				0C828DCF267B9970000CCE68 /* Model */,
				0C828DCC267B98E2000CCE68 /* View */,
				0CDBC67E267A552F00655A9B /* Assets.xcassets */,
				0CDBC680267A552F00655A9B /* LaunchScreen.storyboard */,
				0CDBC683267A552F00655A9B /* Info.plist */,
			);
			path = BLEMonitor;
			sourceTree = "<group>";
		};
/* End PBXGroup section */

/* Begin PBXNativeTarget section */
		0CDBC671267A552E00655A9B /* BLEMonitor */ = {
			isa = PBXNativeTarget;
			buildConfigurationList = 0CDBC686267A552F00655A9B /* Build configuration list for PBXNativeTarget "BLEMonitor" */;
			buildPhases = (
				0CDBC66E267A552E00655A9B /* Sources */,
				0CDBC66F267A552E00655A9B /* Frameworks */,
				0CDBC670267A552E00655A9B /* Resources */,
			);
			buildRules = (
			);
			dependencies = (
			);
			name = BLEMonitor;
			productName = BLEMonitor;
			productReference = 0CDBC672267A552E00655A9B /* BLEMonitor.app */;
			productType = "com.apple.product-type.application";
		};
/* End PBXNativeTarget section */

/* Begin PBXProject section */
		0CDBC66A267A552E00655A9B /* Project object */ = {
			isa = PBXProject;
			attributes = {
				LastSwiftUpdateCheck = 1250;
				LastUpgradeCheck = 1250;
				TargetAttributes = {
					0CDBC671267A552E00655A9B = {
						CreatedOnToolsVersion = 12.5;
					};
				};
			};
			buildConfigurationList = 0CDBC66D267A552E00655A9B /* Build configuration list for PBXProject "BLEMonitor" */;
			compatibilityVersion = "Xcode 9.3";
			developmentRegion = en;
			hasScannedForEncodings = 0;
			knownRegions = (
				en,
				Base,
			);
			mainGroup = 0CDBC669267A552E00655A9B;
			productRefGroup = 0CDBC673267A552E00655A9B /* Products */;
			projectDirPath = "";
			projectRoot = "";
			targets = (
				0CDBC671267A552E00655A9B /* BLEMonitor */,
			);
		};
/* End PBXProject section */

/* Begin PBXResourcesBuildPhase section */
		0CDBC670267A552E00655A9B /* Resources */ = {
			isa = PBXResourcesBuildPhase;
			buildActionMask = 2147483647;
			files = (
				0CDBC682267A552F00655A9B /* LaunchScreen.storyboard in Resources */,
				0CDBC67F267A552F00655A9B /* Assets.xcassets in Resources */,
				0C1C6831267C7FCD00ED2AD9 /* README.md in Resources */,
				0CDBC67D267A552E00655A9B /* Main.storyboard in Resources */,
			);
			runOnlyForDeploymentPostprocessing = 0;
		};
/* End PBXResourcesBuildPhase section */

/* Begin PBXSourcesBuildPhase section */
		0CDBC66E267A552E00655A9B /* Sources */ = {
			isa = PBXSourcesBuildPhase;
			buildActionMask = 2147483647;
			files = (
				0CDBC67A267A552E00655A9B /* BeaconMonitorVC.swift in Sources */,
				0CDBC676267A552E00655A9B /* AppDelegate.swift in Sources */,
				0CDBC678267A552E00655A9B /* SceneDelegate.swift in Sources */,
				0C828DD8267C17BC000CCE68 /* RegionCell.swift in Sources */,
				0C828DCB267B82FF000CCE68 /* BLECell.swift in Sources */,
				0C828DC9267B4BC2000CCE68 /* BLETableVC.swift in Sources */,
				0C828DD6267BC0A1000CCE68 /* BeaconModel.swift in Sources */,
				0C828DDC267C49BE000CCE68 /* DetailBeaconVC.swift in Sources */,
				0C828DCE267B991D000CCE68 /* BLEModel.swift in Sources */,
				0C828DD2267BBD79000CCE68 /* RegionTableVC.swift in Sources */,
				0C828DDA267C1804000CCE68 /* BeaconCell.swift in Sources */,
				0C828DD4267BBDB1000CCE68 /* BeaconTableVC.swift in Sources */,
			);
			runOnlyForDeploymentPostprocessing = 0;
		};
/* End PBXSourcesBuildPhase section */

/* Begin PBXVariantGroup section */
		0CDBC67B267A552E00655A9B /* Main.storyboard */ = {
			isa = PBXVariantGroup;
			children = (
				0CDBC67C267A552E00655A9B /* Base */,
			);
			name = Main.storyboard;
			sourceTree = "<group>";
		};
		0CDBC680267A552F00655A9B /* LaunchScreen.storyboard */ = {
			isa = PBXVariantGroup;
			children = (
				0CDBC681267A552F00655A9B /* Base */,
			);
			name = LaunchScreen.storyboard;
			sourceTree = "<group>";
		};
/* End PBXVariantGroup section */

/* Begin XCBuildConfiguration section */
		0CDBC684267A552F00655A9B /* Debug */ = {
			isa = XCBuildConfiguration;
			buildSettings = {
				ALWAYS_SEARCH_USER_PATHS = NO;
				CLANG_ANALYZER_NONNULL = YES;
				CLANG_ANALYZER_NUMBER_OBJECT_CONVERSION = YES_AGGRESSIVE;
				CLANG_CXX_LANGUAGE_STANDARD = "gnu++14";
				CLANG_CXX_LIBRARY = "libc++";
				CLANG_ENABLE_MODULES = YES;
				CLANG_ENABLE_OBJC_ARC = YES;
				CLANG_ENABLE_OBJC_WEAK = YES;
				CLANG_WARN_BLOCK_CAPTURE_AUTORELEASING = YES;
				CLANG_WARN_BOOL_CONVERSION = YES;
				CLANG_WARN_COMMA = YES;
				CLANG_WARN_CONSTANT_CONVERSION = YES;
				CLANG_WARN_DEPRECATED_OBJC_IMPLEMENTATIONS = YES;
				CLANG_WARN_DIRECT_OBJC_ISA_USAGE = YES_ERROR;
				CLANG_WARN_DOCUMENTATION_COMMENTS = YES;
				CLANG_WARN_EMPTY_BODY = YES;
				CLANG_WARN_ENUM_CONVERSION = YES;
				CLANG_WARN_INFINITE_RECURSION = YES;
				CLANG_WARN_INT_CONVERSION = YES;
				CLANG_WARN_NON_LITERAL_NULL_CONVERSION = YES;
				CLANG_WARN_OBJC_IMPLICIT_RETAIN_SELF = YES;
				CLANG_WARN_OBJC_LITERAL_CONVERSION = YES;
				CLANG_WARN_OBJC_ROOT_CLASS = YES_ERROR;
				CLANG_WARN_QUOTED_INCLUDE_IN_FRAMEWORK_HEADER = YES;
				CLANG_WARN_RANGE_LOOP_ANALYSIS = YES;
				CLANG_WARN_STRICT_PROTOTYPES = YES;
				CLANG_WARN_SUSPICIOUS_MOVE = YES;
				CLANG_WARN_UNGUARDED_AVAILABILITY = YES_AGGRESSIVE;
				CLANG_WARN_UNREACHABLE_CODE = YES;
				CLANG_WARN__DUPLICATE_METHOD_MATCH = YES;
				COPY_PHASE_STRIP = NO;
				DEBUG_INFORMATION_FORMAT = dwarf;
				ENABLE_STRICT_OBJC_MSGSEND = YES;
				ENABLE_TESTABILITY = YES;
				GCC_C_LANGUAGE_STANDARD = gnu11;
				GCC_DYNAMIC_NO_PIC = NO;
				GCC_NO_COMMON_BLOCKS = YES;
				GCC_OPTIMIZATION_LEVEL = 0;
				GCC_PREPROCESSOR_DEFINITIONS = (
					"DEBUG=1",
					"$(inherited)",
				);
				GCC_WARN_64_TO_32_BIT_CONVERSION = YES;
				GCC_WARN_ABOUT_RETURN_TYPE = YES_ERROR;
				GCC_WARN_UNDECLARED_SELECTOR = YES;
				GCC_WARN_UNINITIALIZED_AUTOS = YES_AGGRESSIVE;
				GCC_WARN_UNUSED_FUNCTION = YES;
				GCC_WARN_UNUSED_VARIABLE = YES;
				IPHONEOS_DEPLOYMENT_TARGET = 14.1;
				MTL_ENABLE_DEBUG_INFO = INCLUDE_SOURCE;
				MTL_FAST_MATH = YES;
				ONLY_ACTIVE_ARCH = YES;
				SDKROOT = iphoneos;
				SWIFT_ACTIVE_COMPILATION_CONDITIONS = DEBUG;
				SWIFT_OPTIMIZATION_LEVEL = "-Onone";
			};
			name = Debug;
		};
		0CDBC685267A552F00655A9B /* Release */ = {
			isa = XCBuildConfiguration;
			buildSettings = {
				ALWAYS_SEARCH_USER_PATHS = NO;
				CLANG_ANALYZER_NONNULL = YES;
				CLANG_ANALYZER_NUMBER_OBJECT_CONVERSION = YES_AGGRESSIVE;
				CLANG_CXX_LANGUAGE_STANDARD = "gnu++14";
				CLANG_CXX_LIBRARY = "libc++";
				CLANG_ENABLE_MODULES = YES;
				CLANG_ENABLE_OBJC_ARC = YES;
				CLANG_ENABLE_OBJC_WEAK = YES;
				CLANG_WARN_BLOCK_CAPTURE_AUTORELEASING = YES;
				CLANG_WARN_BOOL_CONVERSION = YES;
				CLANG_WARN_COMMA = YES;
				CLANG_WARN_CONSTANT_CONVERSION = YES;
				CLANG_WARN_DEPRECATED_OBJC_IMPLEMENTATIONS = YES;
				CLANG_WARN_DIRECT_OBJC_ISA_USAGE = YES_ERROR;
				CLANG_WARN_DOCUMENTATION_COMMENTS = YES;
				CLANG_WARN_EMPTY_BODY = YES;
				CLANG_WARN_ENUM_CONVERSION = YES;
				CLANG_WARN_INFINITE_RECURSION = YES;
				CLANG_WARN_INT_CONVERSION = YES;
				CLANG_WARN_NON_LITERAL_NULL_CONVERSION = YES;
				CLANG_WARN_OBJC_IMPLICIT_RETAIN_SELF = YES;
				CLANG_WARN_OBJC_LITERAL_CONVERSION = YES;
				CLANG_WARN_OBJC_ROOT_CLASS = YES_ERROR;
				CLANG_WARN_QUOTED_INCLUDE_IN_FRAMEWORK_HEADER = YES;
				CLANG_WARN_RANGE_LOOP_ANALYSIS = YES;
				CLANG_WARN_STRICT_PROTOTYPES = YES;
				CLANG_WARN_SUSPICIOUS_MOVE = YES;
				CLANG_WARN_UNGUARDED_AVAILABILITY = YES_AGGRESSIVE;
				CLANG_WARN_UNREACHABLE_CODE = YES;
				CLANG_WARN__DUPLICATE_METHOD_MATCH = YES;
				COPY_PHASE_STRIP = NO;
				DEBUG_INFORMATION_FORMAT = "dwarf-with-dsym";
				ENABLE_NS_ASSERTIONS = NO;
				ENABLE_STRICT_OBJC_MSGSEND = YES;
				GCC_C_LANGUAGE_STANDARD = gnu11;
				GCC_NO_COMMON_BLOCKS = YES;
				GCC_WARN_64_TO_32_BIT_CONVERSION = YES;
				GCC_WARN_ABOUT_RETURN_TYPE = YES_ERROR;
				GCC_WARN_UNDECLARED_SELECTOR = YES;
				GCC_WARN_UNINITIALIZED_AUTOS = YES_AGGRESSIVE;
				GCC_WARN_UNUSED_FUNCTION = YES;
				GCC_WARN_UNUSED_VARIABLE = YES;
				IPHONEOS_DEPLOYMENT_TARGET = 14.1;
				MTL_ENABLE_DEBUG_INFO = NO;
				MTL_FAST_MATH = YES;
				SDKROOT = iphoneos;
				SWIFT_COMPILATION_MODE = wholemodule;
				SWIFT_OPTIMIZATION_LEVEL = "-O";
				VALIDATE_PRODUCT = YES;
			};
			name = Release;
		};
		0CDBC687267A552F00655A9B /* Debug */ = {
			isa = XCBuildConfiguration;
			buildSettings = {
				ASSETCATALOG_COMPILER_APPICON_NAME = AppIcon;
				ASSETCATALOG_COMPILER_GLOBAL_ACCENT_COLOR_NAME = AccentColor;
				CODE_SIGN_STYLE = Automatic;
				DEVELOPMENT_TEAM = T65E3WF6EP;
				INFOPLIST_FILE = BLEMonitor/Info.plist;
				LD_RUNPATH_SEARCH_PATHS = (
					"$(inherited)",
					"@executable_path/Frameworks",
				);
				PRODUCT_BUNDLE_IDENTIFIER = ru.enta.BLEMonitor;
				PRODUCT_NAME = "$(TARGET_NAME)";
				SWIFT_VERSION = 5.0;
				TARGETED_DEVICE_FAMILY = "1,2";
			};
			name = Debug;
		};
		0CDBC688267A552F00655A9B /* Release */ = {
			isa = XCBuildConfiguration;
			buildSettings = {
				ASSETCATALOG_COMPILER_APPICON_NAME = AppIcon;
				ASSETCATALOG_COMPILER_GLOBAL_ACCENT_COLOR_NAME = AccentColor;
				CODE_SIGN_STYLE = Automatic;
				DEVELOPMENT_TEAM = T65E3WF6EP;
				INFOPLIST_FILE = BLEMonitor/Info.plist;
				LD_RUNPATH_SEARCH_PATHS = (
					"$(inherited)",
					"@executable_path/Frameworks",
				);
				PRODUCT_BUNDLE_IDENTIFIER = ru.enta.BLEMonitor;
				PRODUCT_NAME = "$(TARGET_NAME)";
				SWIFT_VERSION = 5.0;
				TARGETED_DEVICE_FAMILY = "1,2";
			};
			name = Release;
		};
/* End XCBuildConfiguration section */

/* Begin XCConfigurationList section */
		0CDBC66D267A552E00655A9B /* Build configuration list for PBXProject "BLEMonitor" */ = {
			isa = XCConfigurationList;
			buildConfigurations = (
				0CDBC684267A552F00655A9B /* Debug */,
				0CDBC685267A552F00655A9B /* Release */,
			);
			defaultConfigurationIsVisible = 0;
			defaultConfigurationName = Release;
		};
		0CDBC686267A552F00655A9B /* Build configuration list for PBXNativeTarget "BLEMonitor" */ = {
			isa = XCConfigurationList;
			buildConfigurations = (
				0CDBC687267A552F00655A9B /* Debug */,
				0CDBC688267A552F00655A9B /* Release */,
			);
			defaultConfigurationIsVisible = 0;
			defaultConfigurationName = Release;
		};
/* End XCConfigurationList section */
	};
	rootObject = 0CDBC66A267A552E00655A9B /* Project object */;
}
